
Microsoft Visual Studio Solution File, Format Version 12.00
# Visual Studio Version 17
VisualStudioVersion = 17.5.33530.505
MinimumVisualStudioVersion = 10.0.40219.1
Project("{9A19103F-16F7-4668-BE54-9A1E7A4F7556}") = "BlazorKursApril227772", "BlazorKursApril227772\BlazorKursApril227772.csproj", "{FA77DEDC-EB72-404A-96FA-C5CDF33C36D3}"
EndProject
Global
	GlobalSection(SolutionConfigurationPlatforms) = preSolution
		Debug|Any CPU = Debug|Any CPU
		Release|Any CPU = Release|Any CPU
	EndGlobalSection
	GlobalSection(ProjectConfigurationPlatforms) = postSolution
		{FA77DEDC-EB72-404A-96FA-C5CDF33C36D3}.Debug|Any CPU.ActiveCfg = Debug|Any CPU
		{FA77DEDC-EB72-404A-96FA-C5CDF33C36D3}.Debug|Any CPU.Build.0 = Debug|Any CPU
		{FA77DEDC-EB72-404A-96FA-C5CDF33C36D3}.Release|Any CPU.ActiveCfg = Release|Any CPU
		{FA77DEDC-EB72-404A-96FA-C5CDF33C36D3}.Release|Any CPU.Build.0 = Release|Any CPU
	EndGlobalSection
	GlobalSection(SolutionProperties) = preSolution
		HideSolutionNode = FALSE
	EndGlobalSection
	GlobalSection(ExtensibilityGlobals) = postSolution
		SolutionGuid = {72CBF540-21DB-4397-94A7-4C92AABDD94F}
	EndGlobalSection
EndGlobal
